
Microsoft Visual Studio Solution File, Format Version 12.00
Project("{FAE04EC0-301F-11D3-BF4B-00C04F79EFBC}") = "BoardGame.WarOfTheRing.PoliticalTrack.Domain", "BoardGame.WarOfTheRing.PoliticalTrack.Domain\BoardGame.WarOfTheRing.PoliticalTrack.Domain.csproj", "{8BCDF7ED-5A11-4703-A740-2B1699D6D010}"
EndProject
Project("{FAE04EC0-301F-11D3-BF4B-00C04F79EFBC}") = "BoardGame.WarOfTheRing.PoliticalTrack.Tests", "BoardGame.WarOfTheRing.PoliticalTrack.Tests\BoardGame.WarOfTheRing.PoliticalTrack.Tests.csproj", "{2E374CCC-32AB-44FE-9AF3-FC533D110F1F}"
EndProject
Global
	GlobalSection(SolutionConfigurationPlatforms) = preSolution
		Debug|Any CPU = Debug|Any CPU
		Release|Any CPU = Release|Any CPU
	EndGlobalSection
	GlobalSection(ProjectConfigurationPlatforms) = postSolution
		{8BCDF7ED-5A11-4703-A740-2B1699D6D010}.Debug|Any CPU.ActiveCfg = Debug|Any CPU
		{8BCDF7ED-5A11-4703-A740-2B1699D6D010}.Debug|Any CPU.Build.0 = Debug|Any CPU
		{8BCDF7ED-5A11-4703-A740-2B1699D6D010}.Release|Any CPU.ActiveCfg = Release|Any CPU
		{8BCDF7ED-5A11-4703-A740-2B1699D6D010}.Release|Any CPU.Build.0 = Release|Any CPU
		{2E374CCC-32AB-44FE-9AF3-FC533D110F1F}.Debug|Any CPU.ActiveCfg = Debug|Any CPU
		{2E374CCC-32AB-44FE-9AF3-FC533D110F1F}.Debug|Any CPU.Build.0 = Debug|Any CPU
		{2E374CCC-32AB-44FE-9AF3-FC533D110F1F}.Release|Any CPU.ActiveCfg = Release|Any CPU
		{2E374CCC-32AB-44FE-9AF3-FC533D110F1F}.Release|Any CPU.Build.0 = Release|Any CPU
	EndGlobalSection
EndGlobal
