
Microsoft Visual Studio Solution File, Format Version 12.00
Project("{FAE04EC0-301F-11D3-BF4B-00C04F79EFBC}") = "BoardGame.WarOfTheRing.PoliticalTrack.Domain", "BoardGame.WarOfTheRing.PoliticalTrack.Domain\BoardGame.WarOfTheRing.PoliticalTrack.Domain.csproj", "{8BCDF7ED-5A11-4703-A740-2B1699D6D010}"
EndProject
Project("{FAE04EC0-301F-11D3-BF4B-00C04F79EFBC}") = "BoardGame.WarOfTheRing.PoliticalTrack.Tests", "BoardGame.WarOfTheRing.PoliticalTrack.Tests\BoardGame.WarOfTheRing.PoliticalTrack.Tests.csproj", "{2E374CCC-32AB-44FE-9AF3-FC533D110F1F}"
EndProject
Project("{FAE04EC0-301F-11D3-BF4B-00C04F79EFBC}") = "BoardGame.WarOfTheRing.PoliticalTrack.Application", "BoardGame.WarOfTheRing.PoliticalTrack.Application\BoardGame.WarOfTheRing.PoliticalTrack.Application.csproj", "{658622F2-D440-4BBA-8D1A-CDB581C589C7}"
EndProject
Project("{FAE04EC0-301F-11D3-BF4B-00C04F79EFBC}") = "BoardGame.WarOfTheRing.PoliticalTrack.Infrastructure", "BoardGame.WarOfTheRing.PoliticalTrack.Infrastructure\BoardGame.WarOfTheRing.PoliticalTrack.Infrastructure.csproj", "{8E64283A-36AF-4AC2-A968-F613EA2F4DD1}"
EndProject
Project("{FAE04EC0-301F-11D3-BF4B-00C04F79EFBC}") = "BoardGame.WarOfTheRing.PoliticalTrack.Api", "BoardGame.WarOfTheRing.PoliticalTrack.Api\BoardGame.WarOfTheRing.PoliticalTrack.Api.csproj", "{1617F9CC-27EE-46D6-AD5C-45655DAFFD2A}"
EndProject
Project("{2150E333-8FDC-42A3-9474-1A3956D46DE8}") = "Solution Items", "Solution Items", "{BDE2BB86-5EC1-4E41-8E7F-E4A2A5BD2B2A}"
	ProjectSection(SolutionItems) = preProject
		docker-compose.yml = ./../docker-compose.yml
	EndProjectSection
EndProject
Global
	GlobalSection(SolutionConfigurationPlatforms) = preSolution
		Debug|Any CPU = Debug|Any CPU
		Release|Any CPU = Release|Any CPU
	EndGlobalSection
	GlobalSection(ProjectConfigurationPlatforms) = postSolution
		{8BCDF7ED-5A11-4703-A740-2B1699D6D010}.Debug|Any CPU.ActiveCfg = Debug|Any CPU
		{8BCDF7ED-5A11-4703-A740-2B1699D6D010}.Debug|Any CPU.Build.0 = Debug|Any CPU
		{8BCDF7ED-5A11-4703-A740-2B1699D6D010}.Release|Any CPU.ActiveCfg = Release|Any CPU
		{8BCDF7ED-5A11-4703-A740-2B1699D6D010}.Release|Any CPU.Build.0 = Release|Any CPU
		{2E374CCC-32AB-44FE-9AF3-FC533D110F1F}.Debug|Any CPU.ActiveCfg = Debug|Any CPU
		{2E374CCC-32AB-44FE-9AF3-FC533D110F1F}.Debug|Any CPU.Build.0 = Debug|Any CPU
		{2E374CCC-32AB-44FE-9AF3-FC533D110F1F}.Release|Any CPU.ActiveCfg = Release|Any CPU
		{2E374CCC-32AB-44FE-9AF3-FC533D110F1F}.Release|Any CPU.Build.0 = Release|Any CPU
		{658622F2-D440-4BBA-8D1A-CDB581C589C7}.Debug|Any CPU.ActiveCfg = Debug|Any CPU
		{658622F2-D440-4BBA-8D1A-CDB581C589C7}.Debug|Any CPU.Build.0 = Debug|Any CPU
		{658622F2-D440-4BBA-8D1A-CDB581C589C7}.Release|Any CPU.ActiveCfg = Release|Any CPU
		{658622F2-D440-4BBA-8D1A-CDB581C589C7}.Release|Any CPU.Build.0 = Release|Any CPU
		{8E64283A-36AF-4AC2-A968-F613EA2F4DD1}.Debug|Any CPU.ActiveCfg = Debug|Any CPU
		{8E64283A-36AF-4AC2-A968-F613EA2F4DD1}.Debug|Any CPU.Build.0 = Debug|Any CPU
		{8E64283A-36AF-4AC2-A968-F613EA2F4DD1}.Release|Any CPU.ActiveCfg = Release|Any CPU
		{8E64283A-36AF-4AC2-A968-F613EA2F4DD1}.Release|Any CPU.Build.0 = Release|Any CPU
		{1617F9CC-27EE-46D6-AD5C-45655DAFFD2A}.Debug|Any CPU.ActiveCfg = Debug|Any CPU
		{1617F9CC-27EE-46D6-AD5C-45655DAFFD2A}.Debug|Any CPU.Build.0 = Debug|Any CPU
		{1617F9CC-27EE-46D6-AD5C-45655DAFFD2A}.Release|Any CPU.ActiveCfg = Release|Any CPU
		{1617F9CC-27EE-46D6-AD5C-45655DAFFD2A}.Release|Any CPU.Build.0 = Release|Any CPU
	EndGlobalSection
EndGlobal
