
Microsoft Visual Studio Solution File, Format Version 12.00
Project("{FAE04EC0-301F-11D3-BF4B-00C04F79EFBC}") = "BoardGame.WarOfTheRing.Dice.Domain", "BoardGame.WarOfTheRing.Dice.Domain\BoardGame.WarOfTheRing.Dice.Domain.csproj", "{FCD38E72-9577-48EC-890C-3D656AFFE238}"
EndProject
Project("{FAE04EC0-301F-11D3-BF4B-00C04F79EFBC}") = "BoardGame.WarOfTheRing.Dice.Tests", "BoardGame.WarOfTheRing.Dice.Tests\BoardGame.WarOfTheRing.Dice.Tests.csproj", "{B8406EE3-A6AF-4DB9-A651-B276991693F5}"
EndProject
Project("{FAE04EC0-301F-11D3-BF4B-00C04F79EFBC}") = "BoardGame.WarOfTheRing.Dice.Application", "BoardGame.WarOfTheRing.Dice.Application\BoardGame.WarOfTheRing.Dice.Application.csproj", "{0E20D0A3-1E18-4CCD-BFA8-1BEFCFCC6FCF}"
EndProject
Project("{FAE04EC0-301F-11D3-BF4B-00C04F79EFBC}") = "BoardGame.WarOfTheRing.Dice.Api", "BoardGame.WarOfTheRing.Dice.Api\BoardGame.WarOfTheRing.Dice.Api.csproj", "{8BE6DB09-F3BB-48AD-A96D-A0D4FABED0D6}"
EndProject
Project("{2150E333-8FDC-42A3-9474-1A3956D46DE8}") = "Solution Items", "Solution Items", "{5FEC939E-77A8-408D-9D1A-E43ABC0119D2}"
	ProjectSection(SolutionItems) = preProject
		docker-compose.yml = ./../docker-compose.yml
	EndProjectSection
EndProject
Global
	GlobalSection(SolutionConfigurationPlatforms) = preSolution
		Debug|Any CPU = Debug|Any CPU
		Release|Any CPU = Release|Any CPU
	EndGlobalSection
	GlobalSection(ProjectConfigurationPlatforms) = postSolution
		{FCD38E72-9577-48EC-890C-3D656AFFE238}.Debug|Any CPU.ActiveCfg = Debug|Any CPU
		{FCD38E72-9577-48EC-890C-3D656AFFE238}.Debug|Any CPU.Build.0 = Debug|Any CPU
		{FCD38E72-9577-48EC-890C-3D656AFFE238}.Release|Any CPU.ActiveCfg = Release|Any CPU
		{FCD38E72-9577-48EC-890C-3D656AFFE238}.Release|Any CPU.Build.0 = Release|Any CPU
		{B8406EE3-A6AF-4DB9-A651-B276991693F5}.Debug|Any CPU.ActiveCfg = Debug|Any CPU
		{B8406EE3-A6AF-4DB9-A651-B276991693F5}.Debug|Any CPU.Build.0 = Debug|Any CPU
		{B8406EE3-A6AF-4DB9-A651-B276991693F5}.Release|Any CPU.ActiveCfg = Release|Any CPU
		{B8406EE3-A6AF-4DB9-A651-B276991693F5}.Release|Any CPU.Build.0 = Release|Any CPU
		{0E20D0A3-1E18-4CCD-BFA8-1BEFCFCC6FCF}.Debug|Any CPU.ActiveCfg = Debug|Any CPU
		{0E20D0A3-1E18-4CCD-BFA8-1BEFCFCC6FCF}.Debug|Any CPU.Build.0 = Debug|Any CPU
		{0E20D0A3-1E18-4CCD-BFA8-1BEFCFCC6FCF}.Release|Any CPU.ActiveCfg = Release|Any CPU
		{0E20D0A3-1E18-4CCD-BFA8-1BEFCFCC6FCF}.Release|Any CPU.Build.0 = Release|Any CPU
		{8BE6DB09-F3BB-48AD-A96D-A0D4FABED0D6}.Debug|Any CPU.ActiveCfg = Debug|Any CPU
		{8BE6DB09-F3BB-48AD-A96D-A0D4FABED0D6}.Debug|Any CPU.Build.0 = Debug|Any CPU
		{8BE6DB09-F3BB-48AD-A96D-A0D4FABED0D6}.Release|Any CPU.ActiveCfg = Release|Any CPU
		{8BE6DB09-F3BB-48AD-A96D-A0D4FABED0D6}.Release|Any CPU.Build.0 = Release|Any CPU
	EndGlobalSection
EndGlobal
